
Microsoft Visual Studio Solution File, Format Version 12.00
# Visual Studio 2013
VisualStudioVersion = 12.0.21005.1
MinimumVisualStudioVersion = 10.0.40219.1
Project("{FAE04EC0-301F-11D3-BF4B-00C04F79EFBC}") = "Reiknivél", "Reiknivél\Reiknivél.csproj", "{981493A1-1203-4B61-B77E-9DEE75DBF3AF}"
EndProject
Global
	GlobalSection(SolutionConfigurationPlatforms) = preSolution
		Debug|Any CPU = Debug|Any CPU
		Release|Any CPU = Release|Any CPU
	EndGlobalSection
	GlobalSection(ProjectConfigurationPlatforms) = postSolution
		{981493A1-1203-4B61-B77E-9DEE75DBF3AF}.Debug|Any CPU.ActiveCfg = Debug|Any CPU
		{981493A1-1203-4B61-B77E-9DEE75DBF3AF}.Debug|Any CPU.Build.0 = Debug|Any CPU
		{981493A1-1203-4B61-B77E-9DEE75DBF3AF}.Release|Any CPU.ActiveCfg = Release|Any CPU
		{981493A1-1203-4B61-B77E-9DEE75DBF3AF}.Release|Any CPU.Build.0 = Release|Any CPU
	EndGlobalSection
	GlobalSection(SolutionProperties) = preSolution
		HideSolutionNode = FALSE
	EndGlobalSection
EndGlobal
